
Microsoft Visual Studio Solution File, Format Version 12.00
# Visual Studio Version 17
VisualStudioVersion = 17.2.32616.157
MinimumVisualStudioVersion = 10.0.40219.1
Project("{9A19103F-16F7-4668-BE54-9A1E7A4F7556}") = "ProjectMarket.Api", "ProjectMarket.Api\ProjectMarket.Api.csproj", "{3A06A76A-EE35-4F92-9CC5-627D76CF3977}"
EndProject
Project("{9A19103F-16F7-4668-BE54-9A1E7A4F7556}") = "ProjectMarket.Application", "ProjectMarket.Application\ProjectMarket.Application.csproj", "{F6DD01BA-ED6A-48DD-B1E6-8455D1FD7C14}"
EndProject
Project("{9A19103F-16F7-4668-BE54-9A1E7A4F7556}") = "ProjectMarket.Domain", "ProjectMarket.Domain\ProjectMarket.Domain.csproj", "{731D8EFB-3A9D-4485-B538-052368C27323}"
EndProject
Project("{9A19103F-16F7-4668-BE54-9A1E7A4F7556}") = "ProjectMarket.Tests", "ProjectMarket.Tests\ProjectMarket.Tests.csproj", "{24D38EDC-CDCF-4044-A536-1922976D9B70}"
EndProject
Global
	GlobalSection(SolutionConfigurationPlatforms) = preSolution
		Debug|Any CPU = Debug|Any CPU
		Release|Any CPU = Release|Any CPU
	EndGlobalSection
	GlobalSection(ProjectConfigurationPlatforms) = postSolution
		{3A06A76A-EE35-4F92-9CC5-627D76CF3977}.Debug|Any CPU.ActiveCfg = Debug|Any CPU
		{3A06A76A-EE35-4F92-9CC5-627D76CF3977}.Debug|Any CPU.Build.0 = Debug|Any CPU
		{3A06A76A-EE35-4F92-9CC5-627D76CF3977}.Release|Any CPU.ActiveCfg = Release|Any CPU
		{3A06A76A-EE35-4F92-9CC5-627D76CF3977}.Release|Any CPU.Build.0 = Release|Any CPU
		{F6DD01BA-ED6A-48DD-B1E6-8455D1FD7C14}.Debug|Any CPU.ActiveCfg = Debug|Any CPU
		{F6DD01BA-ED6A-48DD-B1E6-8455D1FD7C14}.Debug|Any CPU.Build.0 = Debug|Any CPU
		{F6DD01BA-ED6A-48DD-B1E6-8455D1FD7C14}.Release|Any CPU.ActiveCfg = Release|Any CPU
		{F6DD01BA-ED6A-48DD-B1E6-8455D1FD7C14}.Release|Any CPU.Build.0 = Release|Any CPU
		{731D8EFB-3A9D-4485-B538-052368C27323}.Debug|Any CPU.ActiveCfg = Debug|Any CPU
		{731D8EFB-3A9D-4485-B538-052368C27323}.Debug|Any CPU.Build.0 = Debug|Any CPU
		{731D8EFB-3A9D-4485-B538-052368C27323}.Release|Any CPU.ActiveCfg = Release|Any CPU
		{731D8EFB-3A9D-4485-B538-052368C27323}.Release|Any CPU.Build.0 = Release|Any CPU
		{24D38EDC-CDCF-4044-A536-1922976D9B70}.Debug|Any CPU.ActiveCfg = Debug|Any CPU
		{24D38EDC-CDCF-4044-A536-1922976D9B70}.Debug|Any CPU.Build.0 = Debug|Any CPU
		{24D38EDC-CDCF-4044-A536-1922976D9B70}.Release|Any CPU.ActiveCfg = Release|Any CPU
		{24D38EDC-CDCF-4044-A536-1922976D9B70}.Release|Any CPU.Build.0 = Release|Any CPU
	EndGlobalSection
	GlobalSection(SolutionProperties) = preSolution
		HideSolutionNode = FALSE
	EndGlobalSection
	GlobalSection(ExtensibilityGlobals) = postSolution
		SolutionGuid = {A7176AF1-E4DB-4417-8C48-88DB6517D228}
	EndGlobalSection
EndGlobal
